
Microsoft Visual Studio Solution File, Format Version 12.00
# Visual Studio Version 17
VisualStudioVersion = 17.6.33829.357
MinimumVisualStudioVersion = 10.0.40219.1
Project("{9A19103F-16F7-4668-BE54-9A1E7A4F7556}") = "Domain", "Domain\Domain.csproj", "{FF1354C4-1271-4CDB-A7B8-91AF9D79D12C}"
EndProject
Project("{9A19103F-16F7-4668-BE54-9A1E7A4F7556}") = "Persistence", "Persistence\Persistence.csproj", "{A2F3F829-C022-474F-B874-7BDE14A15807}"
EndProject
Global
	GlobalSection(SolutionConfigurationPlatforms) = preSolution
		Debug|Any CPU = Debug|Any CPU
		Release|Any CPU = Release|Any CPU
	EndGlobalSection
	GlobalSection(ProjectConfigurationPlatforms) = postSolution
		{FF1354C4-1271-4CDB-A7B8-91AF9D79D12C}.Debug|Any CPU.ActiveCfg = Debug|Any CPU
		{FF1354C4-1271-4CDB-A7B8-91AF9D79D12C}.Debug|Any CPU.Build.0 = Debug|Any CPU
		{FF1354C4-1271-4CDB-A7B8-91AF9D79D12C}.Release|Any CPU.ActiveCfg = Release|Any CPU
		{FF1354C4-1271-4CDB-A7B8-91AF9D79D12C}.Release|Any CPU.Build.0 = Release|Any CPU
		{A2F3F829-C022-474F-B874-7BDE14A15807}.Debug|Any CPU.ActiveCfg = Debug|Any CPU
		{A2F3F829-C022-474F-B874-7BDE14A15807}.Debug|Any CPU.Build.0 = Debug|Any CPU
		{A2F3F829-C022-474F-B874-7BDE14A15807}.Release|Any CPU.ActiveCfg = Release|Any CPU
		{A2F3F829-C022-474F-B874-7BDE14A15807}.Release|Any CPU.Build.0 = Release|Any CPU
	EndGlobalSection
	GlobalSection(SolutionProperties) = preSolution
		HideSolutionNode = FALSE
	EndGlobalSection
	GlobalSection(ExtensibilityGlobals) = postSolution
		SolutionGuid = {57816E44-3FE2-46CB-8832-366AE1DAA9ED}
	EndGlobalSection
EndGlobal
