
Microsoft Visual Studio Solution File, Format Version 12.00
# Visual Studio Version 17
VisualStudioVersion = 17.4.33213.308
MinimumVisualStudioVersion = 10.0.40219.1
Project("{9A19103F-16F7-4668-BE54-9A1E7A4F7556}") = "LinqCSharp", "LinqCSharp\LinqCSharp.csproj", "{47CBCFAF-5FA5-4734-AD54-BD91F722B5BE}"
EndProject
Project("{9A19103F-16F7-4668-BE54-9A1E7A4F7556}") = "Model", "Model\Model.csproj", "{58047A78-204C-4AE7-8EC0-94AB8DCDB6B2}"
EndProject
Project("{9A19103F-16F7-4668-BE54-9A1E7A4F7556}") = "LinqExample", "LinqExample\LinqExample.csproj", "{0050A302-3D71-4FDF-843B-B7421F86BE98}"
EndProject
Project("{9A19103F-16F7-4668-BE54-9A1E7A4F7556}") = "AdoNetBasic", "AdoNetBasic\AdoNetBasic.csproj", "{1E9A9358-0AD7-4B0A-8604-62CC60ADF091}"
EndProject
Project("{FAE04EC0-301F-11D3-BF4B-00C04F79EFBC}") = "AdoDotnetTutorials", "AdoDotnetTutorials\AdoDotnetTutorials.csproj", "{276C4709-7821-482A-8F58-5BE673DE2F0D}"
EndProject
Global
	GlobalSection(SolutionConfigurationPlatforms) = preSolution
		Debug|Any CPU = Debug|Any CPU
		Release|Any CPU = Release|Any CPU
	EndGlobalSection
	GlobalSection(ProjectConfigurationPlatforms) = postSolution
		{47CBCFAF-5FA5-4734-AD54-BD91F722B5BE}.Debug|Any CPU.ActiveCfg = Debug|Any CPU
		{47CBCFAF-5FA5-4734-AD54-BD91F722B5BE}.Debug|Any CPU.Build.0 = Debug|Any CPU
		{47CBCFAF-5FA5-4734-AD54-BD91F722B5BE}.Release|Any CPU.ActiveCfg = Release|Any CPU
		{47CBCFAF-5FA5-4734-AD54-BD91F722B5BE}.Release|Any CPU.Build.0 = Release|Any CPU
		{58047A78-204C-4AE7-8EC0-94AB8DCDB6B2}.Debug|Any CPU.ActiveCfg = Debug|Any CPU
		{58047A78-204C-4AE7-8EC0-94AB8DCDB6B2}.Debug|Any CPU.Build.0 = Debug|Any CPU
		{58047A78-204C-4AE7-8EC0-94AB8DCDB6B2}.Release|Any CPU.ActiveCfg = Release|Any CPU
		{58047A78-204C-4AE7-8EC0-94AB8DCDB6B2}.Release|Any CPU.Build.0 = Release|Any CPU
		{0050A302-3D71-4FDF-843B-B7421F86BE98}.Debug|Any CPU.ActiveCfg = Debug|Any CPU
		{0050A302-3D71-4FDF-843B-B7421F86BE98}.Debug|Any CPU.Build.0 = Debug|Any CPU
		{0050A302-3D71-4FDF-843B-B7421F86BE98}.Release|Any CPU.ActiveCfg = Release|Any CPU
		{0050A302-3D71-4FDF-843B-B7421F86BE98}.Release|Any CPU.Build.0 = Release|Any CPU
		{1E9A9358-0AD7-4B0A-8604-62CC60ADF091}.Debug|Any CPU.ActiveCfg = Debug|Any CPU
		{1E9A9358-0AD7-4B0A-8604-62CC60ADF091}.Debug|Any CPU.Build.0 = Debug|Any CPU
		{1E9A9358-0AD7-4B0A-8604-62CC60ADF091}.Release|Any CPU.ActiveCfg = Release|Any CPU
		{1E9A9358-0AD7-4B0A-8604-62CC60ADF091}.Release|Any CPU.Build.0 = Release|Any CPU
		{276C4709-7821-482A-8F58-5BE673DE2F0D}.Debug|Any CPU.ActiveCfg = Debug|Any CPU
		{276C4709-7821-482A-8F58-5BE673DE2F0D}.Debug|Any CPU.Build.0 = Debug|Any CPU
		{276C4709-7821-482A-8F58-5BE673DE2F0D}.Release|Any CPU.ActiveCfg = Release|Any CPU
		{276C4709-7821-482A-8F58-5BE673DE2F0D}.Release|Any CPU.Build.0 = Release|Any CPU
	EndGlobalSection
	GlobalSection(SolutionProperties) = preSolution
		HideSolutionNode = FALSE
	EndGlobalSection
	GlobalSection(ExtensibilityGlobals) = postSolution
		SolutionGuid = {E8CBF668-A2B1-43F9-B65F-EE8B05B49026}
	EndGlobalSection
EndGlobal
