
Microsoft Visual Studio Solution File, Format Version 12.00
# Visual Studio Version 17
VisualStudioVersion = 17.4.33213.308
MinimumVisualStudioVersion = 10.0.40219.1
Project("{FAE04EC0-301F-11D3-BF4B-00C04F79EFBC}") = "EfCoreWebApps", "EfCoreWebApps\EfCoreWebApps.csproj", "{E3027811-AEE5-41A2-85E7-4D5CAF295E16}"
EndProject
Project("{FAE04EC0-301F-11D3-BF4B-00C04F79EFBC}") = "EfCoreWebApps.Core", "EfCoreWebApps.Core\EfCoreWebApps.Core.csproj", "{4F214224-F49D-4E50-B400-A14B1231951A}"
EndProject
Project("{FAE04EC0-301F-11D3-BF4B-00C04F79EFBC}") = "EfCoreWebApps.Core.Test", "EfCoreWebApps.Core.Test\EfCoreWebApps.Core.Test.csproj", "{29CF3C0F-76F6-4B04-8A66-903F19EBE5B8}"
EndProject
Project("{FAE04EC0-301F-11D3-BF4B-00C04F79EFBC}") = "EfCoreWebApps.Core.DAL", "EfCoreWebApps.Core.DAL\EfCoreWebApps.Core.DAL.csproj", "{8A012C6F-1201-4A2A-A599-E8607DFCDD12}"
EndProject
Project("{FAE04EC0-301F-11D3-BF4B-00C04F79EFBC}") = "EfCoreWebApps.Core.DAL.Test", "EfCoreWebApps.Core.DAL.Test\EfCoreWebApps.Core.DAL.Test.csproj", "{45905DD3-2AB1-47B1-B0F6-537194B4EAC2}"
EndProject
Global
	GlobalSection(SolutionConfigurationPlatforms) = preSolution
		Debug|Any CPU = Debug|Any CPU
		Release|Any CPU = Release|Any CPU
	EndGlobalSection
	GlobalSection(ProjectConfigurationPlatforms) = postSolution
		{E3027811-AEE5-41A2-85E7-4D5CAF295E16}.Debug|Any CPU.ActiveCfg = Debug|Any CPU
		{E3027811-AEE5-41A2-85E7-4D5CAF295E16}.Debug|Any CPU.Build.0 = Debug|Any CPU
		{E3027811-AEE5-41A2-85E7-4D5CAF295E16}.Release|Any CPU.ActiveCfg = Release|Any CPU
		{E3027811-AEE5-41A2-85E7-4D5CAF295E16}.Release|Any CPU.Build.0 = Release|Any CPU
		{4F214224-F49D-4E50-B400-A14B1231951A}.Debug|Any CPU.ActiveCfg = Debug|Any CPU
		{4F214224-F49D-4E50-B400-A14B1231951A}.Debug|Any CPU.Build.0 = Debug|Any CPU
		{4F214224-F49D-4E50-B400-A14B1231951A}.Release|Any CPU.ActiveCfg = Release|Any CPU
		{4F214224-F49D-4E50-B400-A14B1231951A}.Release|Any CPU.Build.0 = Release|Any CPU
		{29CF3C0F-76F6-4B04-8A66-903F19EBE5B8}.Debug|Any CPU.ActiveCfg = Debug|Any CPU
		{29CF3C0F-76F6-4B04-8A66-903F19EBE5B8}.Debug|Any CPU.Build.0 = Debug|Any CPU
		{29CF3C0F-76F6-4B04-8A66-903F19EBE5B8}.Release|Any CPU.ActiveCfg = Release|Any CPU
		{29CF3C0F-76F6-4B04-8A66-903F19EBE5B8}.Release|Any CPU.Build.0 = Release|Any CPU
		{8A012C6F-1201-4A2A-A599-E8607DFCDD12}.Debug|Any CPU.ActiveCfg = Debug|Any CPU
		{8A012C6F-1201-4A2A-A599-E8607DFCDD12}.Debug|Any CPU.Build.0 = Debug|Any CPU
		{8A012C6F-1201-4A2A-A599-E8607DFCDD12}.Release|Any CPU.ActiveCfg = Release|Any CPU
		{8A012C6F-1201-4A2A-A599-E8607DFCDD12}.Release|Any CPU.Build.0 = Release|Any CPU
		{45905DD3-2AB1-47B1-B0F6-537194B4EAC2}.Debug|Any CPU.ActiveCfg = Debug|Any CPU
		{45905DD3-2AB1-47B1-B0F6-537194B4EAC2}.Debug|Any CPU.Build.0 = Debug|Any CPU
		{45905DD3-2AB1-47B1-B0F6-537194B4EAC2}.Release|Any CPU.ActiveCfg = Release|Any CPU
		{45905DD3-2AB1-47B1-B0F6-537194B4EAC2}.Release|Any CPU.Build.0 = Release|Any CPU
	EndGlobalSection
	GlobalSection(SolutionProperties) = preSolution
		HideSolutionNode = FALSE
	EndGlobalSection
	GlobalSection(ExtensibilityGlobals) = postSolution
		SolutionGuid = {8C73B76A-2E28-4D83-ACA6-A59285973D60}
	EndGlobalSection
EndGlobal
