
Microsoft Visual Studio Solution File, Format Version 12.00
# Visual Studio Version 17
VisualStudioVersion = 17.5.33627.172
MinimumVisualStudioVersion = 10.0.40219.1
Project("{FAE04EC0-301F-11D3-BF4B-00C04F79EFBC}") = "WebApp", "WebApp\WebApp.csproj", "{4F1D8313-DD54-4E29-B55B-60CD0D994AE8}"
EndProject
Project("{FAE04EC0-301F-11D3-BF4B-00C04F79EFBC}") = "WebApp.Domin", "WebApp.Domin\WebApp.Domin.csproj", "{5F8664ED-79B1-4D24-84FA-9093AB467ADD}"
EndProject
Project("{FAE04EC0-301F-11D3-BF4B-00C04F79EFBC}") = "WebApp.Application", "WebApp.Application\WebApp.Application.csproj", "{51CE25AB-461C-4AC2-96BB-97EE3A1F8A72}"
EndProject
Project("{FAE04EC0-301F-11D3-BF4B-00C04F79EFBC}") = "WebApp.Persistence", "WebApp.Persistence\WebApp.Persistence.csproj", "{BF5EC238-1FC0-4064-9211-A4378264053A}"
EndProject
Project("{FAE04EC0-301F-11D3-BF4B-00C04F79EFBC}") = "WebApp.Insfarstructer", "WebApp.Insfarstructer\WebApp.Insfarstructer.csproj", "{40B9C693-41BD-44C6-82C8-43BFE5AC7D7A}"
EndProject
Global
	GlobalSection(SolutionConfigurationPlatforms) = preSolution
		Debug|Any CPU = Debug|Any CPU
		Release|Any CPU = Release|Any CPU
	EndGlobalSection
	GlobalSection(ProjectConfigurationPlatforms) = postSolution
		{4F1D8313-DD54-4E29-B55B-60CD0D994AE8}.Debug|Any CPU.ActiveCfg = Debug|Any CPU
		{4F1D8313-DD54-4E29-B55B-60CD0D994AE8}.Debug|Any CPU.Build.0 = Debug|Any CPU
		{4F1D8313-DD54-4E29-B55B-60CD0D994AE8}.Release|Any CPU.ActiveCfg = Release|Any CPU
		{4F1D8313-DD54-4E29-B55B-60CD0D994AE8}.Release|Any CPU.Build.0 = Release|Any CPU
		{5F8664ED-79B1-4D24-84FA-9093AB467ADD}.Debug|Any CPU.ActiveCfg = Debug|Any CPU
		{5F8664ED-79B1-4D24-84FA-9093AB467ADD}.Debug|Any CPU.Build.0 = Debug|Any CPU
		{5F8664ED-79B1-4D24-84FA-9093AB467ADD}.Release|Any CPU.ActiveCfg = Release|Any CPU
		{5F8664ED-79B1-4D24-84FA-9093AB467ADD}.Release|Any CPU.Build.0 = Release|Any CPU
		{51CE25AB-461C-4AC2-96BB-97EE3A1F8A72}.Debug|Any CPU.ActiveCfg = Debug|Any CPU
		{51CE25AB-461C-4AC2-96BB-97EE3A1F8A72}.Debug|Any CPU.Build.0 = Debug|Any CPU
		{51CE25AB-461C-4AC2-96BB-97EE3A1F8A72}.Release|Any CPU.ActiveCfg = Release|Any CPU
		{51CE25AB-461C-4AC2-96BB-97EE3A1F8A72}.Release|Any CPU.Build.0 = Release|Any CPU
		{BF5EC238-1FC0-4064-9211-A4378264053A}.Debug|Any CPU.ActiveCfg = Debug|Any CPU
		{BF5EC238-1FC0-4064-9211-A4378264053A}.Debug|Any CPU.Build.0 = Debug|Any CPU
		{BF5EC238-1FC0-4064-9211-A4378264053A}.Release|Any CPU.ActiveCfg = Release|Any CPU
		{BF5EC238-1FC0-4064-9211-A4378264053A}.Release|Any CPU.Build.0 = Release|Any CPU
		{40B9C693-41BD-44C6-82C8-43BFE5AC7D7A}.Debug|Any CPU.ActiveCfg = Debug|Any CPU
		{40B9C693-41BD-44C6-82C8-43BFE5AC7D7A}.Debug|Any CPU.Build.0 = Debug|Any CPU
		{40B9C693-41BD-44C6-82C8-43BFE5AC7D7A}.Release|Any CPU.ActiveCfg = Release|Any CPU
		{40B9C693-41BD-44C6-82C8-43BFE5AC7D7A}.Release|Any CPU.Build.0 = Release|Any CPU
	EndGlobalSection
	GlobalSection(SolutionProperties) = preSolution
		HideSolutionNode = FALSE
	EndGlobalSection
	GlobalSection(ExtensibilityGlobals) = postSolution
		SolutionGuid = {BDC72CF8-1E5E-48AC-8783-1C1DEC25267C}
	EndGlobalSection
EndGlobal
